{
  "name": "resources",
  "lockfileVersion": 3,
  "requires": true,
  "packages": {
    "": {
      "dependencies": {
        "spa-history": "^0.12.12"
      }
    },
    "node_modules/cast-string": {
      "version": "0.3.0",
      "resolved": "https://registry.npmjs.org/cast-string/-/cast-string-0.3.0.tgz",
      "integrity": "sha512-u0c8w80CpNB1l1XxtFpInIvQAWGSanH6x6qfFua1tUh/mqhb/E97PknZOYyjnN4cUsUWRWiWBjDqXuiPvHN68w=="
    },
    "node_modules/spa-history": {
      "version": "0.12.12",
      "resolved": "https://registry.npmjs.org/spa-history/-/spa-history-0.12.12.tgz",
      "integrity": "sha512-CZYszi1pL8rdGO//6ETUxfCsogO7iaNHmvh0BmxW7Xu2i/p/flE3AlbSRTE2UNZMv8wfY3A75ZmUua/QjdE0xg==",
      "dependencies": {
        "cast-string": "^0.3.0"
      }
    }
  }
}
